
Microsoft Visual Studio Solution File, Format Version 12.00
# Visual Studio 15
VisualStudioVersion = 15.0.26730.3
MinimumVisualStudioVersion = 10.0.40219.1
Project("{FAE04EC0-301F-11D3-BF4B-00C04F79EFBC}") = "NumberAsSumOfNumersOnPowerOf", "NumberAsSumOfNumersOnPowerOf\NumberAsSumOfNumersOnPowerOf.csproj", "{90E9A258-39B4-483C-A40E-B6B3D4F0319A}"
EndProject
Global
	GlobalSection(SolutionConfigurationPlatforms) = preSolution
		Debug|Any CPU = Debug|Any CPU
		Release|Any CPU = Release|Any CPU
	EndGlobalSection
	GlobalSection(ProjectConfigurationPlatforms) = postSolution
		{90E9A258-39B4-483C-A40E-B6B3D4F0319A}.Debug|Any CPU.ActiveCfg = Debug|Any CPU
		{90E9A258-39B4-483C-A40E-B6B3D4F0319A}.Debug|Any CPU.Build.0 = Debug|Any CPU
		{90E9A258-39B4-483C-A40E-B6B3D4F0319A}.Release|Any CPU.ActiveCfg = Release|Any CPU
		{90E9A258-39B4-483C-A40E-B6B3D4F0319A}.Release|Any CPU.Build.0 = Release|Any CPU
	EndGlobalSection
	GlobalSection(SolutionProperties) = preSolution
		HideSolutionNode = FALSE
	EndGlobalSection
	GlobalSection(ExtensibilityGlobals) = postSolution
		SolutionGuid = {E46E85EC-F733-4966-BA6B-18E4AECD7BB8}
	EndGlobalSection
EndGlobal
